
Microsoft Visual Studio Solution File, Format Version 12.00
# Visual Studio Version 17
VisualStudioVersion = 17.2.32526.322
MinimumVisualStudioVersion = 10.0.40219.1
Project("{2150E333-8FDC-42A3-9474-1A3956D46DE8}") = "PL", "PL", "{119C298C-76F2-4ADB-ADFE-CC9D98FD75F9}"
EndProject
Project("{2150E333-8FDC-42A3-9474-1A3956D46DE8}") = "BLL", "BLL", "{5E72A61D-2CC8-429C-9AE5-8E4287C32C5B}"
EndProject
Project("{2150E333-8FDC-42A3-9474-1A3956D46DE8}") = "DAL", "DAL", "{FB59C778-1115-46FA-AB17-D3988115D6CE}"
EndProject
Project("{9A19103F-16F7-4668-BE54-9A1E7A4F7556}") = "TaskTracker.DAL", "TaskTracker.DAL\TaskTracker.DAL.csproj", "{DA86AEAC-B3B8-44D0-9F4C-B28858D826F6}"
EndProject
Project("{9A19103F-16F7-4668-BE54-9A1E7A4F7556}") = "TaskTracker.DAL.Interfaces", "TaskTracker.DAL.Interfaces\TaskTracker.DAL.Interfaces.csproj", "{4985D399-76B1-40AD-9988-46565FBD6848}"
EndProject
Project("{9A19103F-16F7-4668-BE54-9A1E7A4F7556}") = "TaskTracker.BLL", "TaskTracker.BLL\TaskTracker.BLL.csproj", "{B3460937-7D18-4195-AB36-0504CB84D651}"
EndProject
Project("{9A19103F-16F7-4668-BE54-9A1E7A4F7556}") = "TaskTracker.BLL.Interfaces", "TaskTracker.BLL.Interfaces\TaskTracker.BLL.Interfaces.csproj", "{23EE5E6A-CAFB-459D-B589-0E5C33843BEB}"
EndProject
Project("{2150E333-8FDC-42A3-9474-1A3956D46DE8}") = "Common", "Common", "{21FD5946-FF69-4F30-AA58-189EC2439F80}"
EndProject
Project("{9A19103F-16F7-4668-BE54-9A1E7A4F7556}") = "TaskTracker.Entity", "TaskTracker.Entity\TaskTracker.Entity.csproj", "{749BC3D7-27CC-4A6D-8B3C-5E5597333D9A}"
EndProject
Project("{FAE04EC0-301F-11D3-BF4B-00C04F79EFBC}") = "TaskTracker.PL", "TaskTracker.PL\TaskTracker.PL.csproj", "{85469816-3876-4659-86E6-6F6E50C94E43}"
EndProject
Global
	GlobalSection(SolutionConfigurationPlatforms) = preSolution
		Debug|Any CPU = Debug|Any CPU
		Release|Any CPU = Release|Any CPU
	EndGlobalSection
	GlobalSection(ProjectConfigurationPlatforms) = postSolution
		{DA86AEAC-B3B8-44D0-9F4C-B28858D826F6}.Debug|Any CPU.ActiveCfg = Debug|Any CPU
		{DA86AEAC-B3B8-44D0-9F4C-B28858D826F6}.Debug|Any CPU.Build.0 = Debug|Any CPU
		{DA86AEAC-B3B8-44D0-9F4C-B28858D826F6}.Release|Any CPU.ActiveCfg = Release|Any CPU
		{DA86AEAC-B3B8-44D0-9F4C-B28858D826F6}.Release|Any CPU.Build.0 = Release|Any CPU
		{4985D399-76B1-40AD-9988-46565FBD6848}.Debug|Any CPU.ActiveCfg = Debug|Any CPU
		{4985D399-76B1-40AD-9988-46565FBD6848}.Debug|Any CPU.Build.0 = Debug|Any CPU
		{4985D399-76B1-40AD-9988-46565FBD6848}.Release|Any CPU.ActiveCfg = Release|Any CPU
		{4985D399-76B1-40AD-9988-46565FBD6848}.Release|Any CPU.Build.0 = Release|Any CPU
		{B3460937-7D18-4195-AB36-0504CB84D651}.Debug|Any CPU.ActiveCfg = Debug|Any CPU
		{B3460937-7D18-4195-AB36-0504CB84D651}.Debug|Any CPU.Build.0 = Debug|Any CPU
		{B3460937-7D18-4195-AB36-0504CB84D651}.Release|Any CPU.ActiveCfg = Release|Any CPU
		{B3460937-7D18-4195-AB36-0504CB84D651}.Release|Any CPU.Build.0 = Release|Any CPU
		{23EE5E6A-CAFB-459D-B589-0E5C33843BEB}.Debug|Any CPU.ActiveCfg = Debug|Any CPU
		{23EE5E6A-CAFB-459D-B589-0E5C33843BEB}.Debug|Any CPU.Build.0 = Debug|Any CPU
		{23EE5E6A-CAFB-459D-B589-0E5C33843BEB}.Release|Any CPU.ActiveCfg = Release|Any CPU
		{23EE5E6A-CAFB-459D-B589-0E5C33843BEB}.Release|Any CPU.Build.0 = Release|Any CPU
		{749BC3D7-27CC-4A6D-8B3C-5E5597333D9A}.Debug|Any CPU.ActiveCfg = Debug|Any CPU
		{749BC3D7-27CC-4A6D-8B3C-5E5597333D9A}.Debug|Any CPU.Build.0 = Debug|Any CPU
		{749BC3D7-27CC-4A6D-8B3C-5E5597333D9A}.Release|Any CPU.ActiveCfg = Release|Any CPU
		{749BC3D7-27CC-4A6D-8B3C-5E5597333D9A}.Release|Any CPU.Build.0 = Release|Any CPU
		{85469816-3876-4659-86E6-6F6E50C94E43}.Debug|Any CPU.ActiveCfg = Debug|Any CPU
		{85469816-3876-4659-86E6-6F6E50C94E43}.Debug|Any CPU.Build.0 = Debug|Any CPU
		{85469816-3876-4659-86E6-6F6E50C94E43}.Release|Any CPU.ActiveCfg = Release|Any CPU
		{85469816-3876-4659-86E6-6F6E50C94E43}.Release|Any CPU.Build.0 = Release|Any CPU
	EndGlobalSection
	GlobalSection(SolutionProperties) = preSolution
		HideSolutionNode = FALSE
	EndGlobalSection
	GlobalSection(NestedProjects) = preSolution
		{DA86AEAC-B3B8-44D0-9F4C-B28858D826F6} = {FB59C778-1115-46FA-AB17-D3988115D6CE}
		{4985D399-76B1-40AD-9988-46565FBD6848} = {FB59C778-1115-46FA-AB17-D3988115D6CE}
		{B3460937-7D18-4195-AB36-0504CB84D651} = {5E72A61D-2CC8-429C-9AE5-8E4287C32C5B}
		{23EE5E6A-CAFB-459D-B589-0E5C33843BEB} = {5E72A61D-2CC8-429C-9AE5-8E4287C32C5B}
		{749BC3D7-27CC-4A6D-8B3C-5E5597333D9A} = {21FD5946-FF69-4F30-AA58-189EC2439F80}
		{85469816-3876-4659-86E6-6F6E50C94E43} = {119C298C-76F2-4ADB-ADFE-CC9D98FD75F9}
	EndGlobalSection
	GlobalSection(ExtensibilityGlobals) = postSolution
		SolutionGuid = {0EB022E2-7E2F-4DE5-9EE0-1FA66007D527}
	EndGlobalSection
EndGlobal
